// !$*UTF8*$!
{
	archiveVersion = 1;
	classes = {
	};
	objectVersion = 46;
	objects = {

/* Begin PBXBuildFile section */
		111D9F5C1C85F1C600CF71B4 /* ELNLayoutUtils.h in Headers */ = {isa = PBXBuildFile; fileRef = 111D9F2F1C85F1C600CF71B4 /* ELNLayoutUtils.h */; };
		111D9F5D1C85F1C600CF71B4 /* ELNLayoutUtils.m in Sources */ = {isa = PBXBuildFile; fileRef = 111D9F301C85F1C600CF71B4 /* ELNLayoutUtils.m */; };
		111D9F5E1C85F1C600CF71B4 /* ELNUtils.h in Headers */ = {isa = PBXBuildFile; fileRef = 111D9F311C85F1C600CF71B4 /* ELNUtils.h */; };
		111D9F601C85F1C600CF71B4 /* NSArray+ELNUtils.h in Headers */ = {isa = PBXBuildFile; fileRef = 111D9F331C85F1C600CF71B4 /* NSArray+ELNUtils.h */; };
		111D9F611C85F1C600CF71B4 /* NSArray+ELNUtils.m in Sources */ = {isa = PBXBuildFile; fileRef = 111D9F341C85F1C600CF71B4 /* NSArray+ELNUtils.m */; };
		111D9F621C85F1C600CF71B4 /* NSData+ELNUtils.h in Headers */ = {isa = PBXBuildFile; fileRef = 111D9F351C85F1C600CF71B4 /* NSData+ELNUtils.h */; };
		111D9F631C85F1C600CF71B4 /* NSData+ELNUtils.m in Sources */ = {isa = PBXBuildFile; fileRef = 111D9F361C85F1C600CF71B4 /* NSData+ELNUtils.m */; };
		111D9F641C85F1C600CF71B4 /* NSError+ELNUtils.h in Headers */ = {isa = PBXBuildFile; fileRef = 111D9F371C85F1C600CF71B4 /* NSError+ELNUtils.h */; };
		111D9F651C85F1C600CF71B4 /* NSError+ELNUtils.m in Sources */ = {isa = PBXBuildFile; fileRef = 111D9F381C85F1C600CF71B4 /* NSError+ELNUtils.m */; };
		111D9F661C85F1C600CF71B4 /* NSFileManager+ELNUtils.h in Headers */ = {isa = PBXBuildFile; fileRef = 111D9F391C85F1C600CF71B4 /* NSFileManager+ELNUtils.h */; };
		111D9F671C85F1C600CF71B4 /* NSFileManager+ELNUtils.m in Sources */ = {isa = PBXBuildFile; fileRef = 111D9F3A1C85F1C600CF71B4 /* NSFileManager+ELNUtils.m */; };
		111D9F681C85F1C600CF71B4 /* NSLocale+ELNUtils.h in Headers */ = {isa = PBXBuildFile; fileRef = 111D9F3B1C85F1C600CF71B4 /* NSLocale+ELNUtils.h */; };
		111D9F691C85F1C600CF71B4 /* NSLocale+ELNUtils.m in Sources */ = {isa = PBXBuildFile; fileRef = 111D9F3C1C85F1C600CF71B4 /* NSLocale+ELNUtils.m */; };
		111D9F6A1C85F1C600CF71B4 /* NSNumber+ELNUtils.h in Headers */ = {isa = PBXBuildFile; fileRef = 111D9F3D1C85F1C600CF71B4 /* NSNumber+ELNUtils.h */; };
		111D9F6B1C85F1C600CF71B4 /* NSNumber+ELNUtils.m in Sources */ = {isa = PBXBuildFile; fileRef = 111D9F3E1C85F1C600CF71B4 /* NSNumber+ELNUtils.m */; };
		111D9F6C1C85F1C600CF71B4 /* NSSortDescriptor+ELNUtils.h in Headers */ = {isa = PBXBuildFile; fileRef = 111D9F3F1C85F1C600CF71B4 /* NSSortDescriptor+ELNUtils.h */; };
		111D9F6D1C85F1C600CF71B4 /* NSSortDescriptor+ELNUtils.m in Sources */ = {isa = PBXBuildFile; fileRef = 111D9F401C85F1C600CF71B4 /* NSSortDescriptor+ELNUtils.m */; };
		111D9F6E1C85F1C600CF71B4 /* NSString+ELNUtils.h in Headers */ = {isa = PBXBuildFile; fileRef = 111D9F411C85F1C600CF71B4 /* NSString+ELNUtils.h */; };
		111D9F6F1C85F1C600CF71B4 /* NSString+ELNUtils.m in Sources */ = {isa = PBXBuildFile; fileRef = 111D9F421C85F1C600CF71B4 /* NSString+ELNUtils.m */; };
		111D9F701C85F1C600CF71B4 /* NSURLRequest+ELNUtils.h in Headers */ = {isa = PBXBuildFile; fileRef = 111D9F431C85F1C600CF71B4 /* NSURLRequest+ELNUtils.h */; };
		111D9F711C85F1C600CF71B4 /* NSURLRequest+ELNUtils.m in Sources */ = {isa = PBXBuildFile; fileRef = 111D9F441C85F1C600CF71B4 /* NSURLRequest+ELNUtils.m */; };
		111D9F721C85F1C600CF71B4 /* UICollectionView+ELNUtils.h in Headers */ = {isa = PBXBuildFile; fileRef = 111D9F451C85F1C600CF71B4 /* UICollectionView+ELNUtils.h */; };
		111D9F731C85F1C600CF71B4 /* UICollectionView+ELNUtils.m in Sources */ = {isa = PBXBuildFile; fileRef = 111D9F461C85F1C600CF71B4 /* UICollectionView+ELNUtils.m */; };
		111D9F741C85F1C600CF71B4 /* UIColor+ELNUtils.h in Headers */ = {isa = PBXBuildFile; fileRef = 111D9F471C85F1C600CF71B4 /* UIColor+ELNUtils.h */; };
		111D9F751C85F1C600CF71B4 /* UIColor+ELNUtils.m in Sources */ = {isa = PBXBuildFile; fileRef = 111D9F481C85F1C600CF71B4 /* UIColor+ELNUtils.m */; };
		111D9F761C85F1C600CF71B4 /* UIFont+ELNUtils.h in Headers */ = {isa = PBXBuildFile; fileRef = 111D9F491C85F1C600CF71B4 /* UIFont+ELNUtils.h */; };
		111D9F771C85F1C600CF71B4 /* UIFont+ELNUtils.m in Sources */ = {isa = PBXBuildFile; fileRef = 111D9F4A1C85F1C600CF71B4 /* UIFont+ELNUtils.m */; };
		111D9F781C85F1C600CF71B4 /* UIImage+ELNUtils.h in Headers */ = {isa = PBXBuildFile; fileRef = 111D9F4B1C85F1C600CF71B4 /* UIImage+ELNUtils.h */; };
		111D9F791C85F1C600CF71B4 /* UIImage+ELNUtils.m in Sources */ = {isa = PBXBuildFile; fileRef = 111D9F4C1C85F1C600CF71B4 /* UIImage+ELNUtils.m */; };
		111D9F7A1C85F1C600CF71B4 /* UILabel+ELNUtils.h in Headers */ = {isa = PBXBuildFile; fileRef = 111D9F4D1C85F1C600CF71B4 /* UILabel+ELNUtils.h */; };
		111D9F7B1C85F1C600CF71B4 /* UILabel+ELNUtils.m in Sources */ = {isa = PBXBuildFile; fileRef = 111D9F4E1C85F1C600CF71B4 /* UILabel+ELNUtils.m */; };
		111D9F7C1C85F1C600CF71B4 /* UIResponder+ELNUtils.h in Headers */ = {isa = PBXBuildFile; fileRef = 111D9F4F1C85F1C600CF71B4 /* UIResponder+ELNUtils.h */; };
		111D9F7D1C85F1C600CF71B4 /* UIResponder+ELNUtils.m in Sources */ = {isa = PBXBuildFile; fileRef = 111D9F501C85F1C600CF71B4 /* UIResponder+ELNUtils.m */; };
		111D9F7E1C85F1C600CF71B4 /* UITableView+ELNUtils.h in Headers */ = {isa = PBXBuildFile; fileRef = 111D9F511C85F1C600CF71B4 /* UITableView+ELNUtils.h */; };
		111D9F7F1C85F1C600CF71B4 /* UITableView+ELNUtils.m in Sources */ = {isa = PBXBuildFile; fileRef = 111D9F521C85F1C600CF71B4 /* UITableView+ELNUtils.m */; };
		111D9F801C85F1C600CF71B4 /* UITableViewCell+ELNUtils.h in Headers */ = {isa = PBXBuildFile; fileRef = 111D9F531C85F1C600CF71B4 /* UITableViewCell+ELNUtils.h */; };
		111D9F811C85F1C600CF71B4 /* UITableViewCell+ELNUtils.m in Sources */ = {isa = PBXBuildFile; fileRef = 111D9F541C85F1C600CF71B4 /* UITableViewCell+ELNUtils.m */; };
		111D9F821C85F1C600CF71B4 /* UIView+ELNUtils.h in Headers */ = {isa = PBXBuildFile; fileRef = 111D9F551C85F1C600CF71B4 /* UIView+ELNUtils.h */; };
		111D9F831C85F1C600CF71B4 /* UIView+ELNUtils.m in Sources */ = {isa = PBXBuildFile; fileRef = 111D9F561C85F1C600CF71B4 /* UIView+ELNUtils.m */; };
		111D9F841C85F1C600CF71B4 /* UIViewController+ELNUtils.h in Headers */ = {isa = PBXBuildFile; fileRef = 111D9F571C85F1C600CF71B4 /* UIViewController+ELNUtils.h */; };
		111D9F851C85F1C600CF71B4 /* UIViewController+ELNUtils.m in Sources */ = {isa = PBXBuildFile; fileRef = 111D9F581C85F1C600CF71B4 /* UIViewController+ELNUtils.m */; };
		111D9F861C85F1C600CF71B4 /* UIWindow+ELNUtils.h in Headers */ = {isa = PBXBuildFile; fileRef = 111D9F591C85F1C600CF71B4 /* UIWindow+ELNUtils.h */; };
		111D9F871C85F1C600CF71B4 /* UIWindow+ELNUtils.m in Sources */ = {isa = PBXBuildFile; fileRef = 111D9F5A1C85F1C600CF71B4 /* UIWindow+ELNUtils.m */; };
		111D9F941C85F46700CF71B4 /* ELNUtils.framework in Frameworks */ = {isa = PBXBuildFile; fileRef = 111D9F221C85F17600CF71B4 /* ELNUtils.framework */; };
		111D9F9E1C85F47500CF71B4 /* UnitTest.m in Sources */ = {isa = PBXBuildFile; fileRef = 111D9F9C1C85F47500CF71B4 /* UnitTest.m */; };
		111D9FA01C85F52200CF71B4 /* Default.xcconfig in Resources */ = {isa = PBXBuildFile; fileRef = 111D9F9F1C85F52200CF71B4 /* Default.xcconfig */; };
		111D9FA21C85FAA700CF71B4 /* ELNRuntime.h in Headers */ = {isa = PBXBuildFile; fileRef = 111D9FA11C85FAA700CF71B4 /* ELNRuntime.h */; };
/* End PBXBuildFile section */

/* Begin PBXContainerItemProxy section */
		111D9F951C85F46700CF71B4 /* PBXContainerItemProxy */ = {
			isa = PBXContainerItemProxy;
			containerPortal = 111D9F191C85F17600CF71B4 /* Project object */;
			proxyType = 1;
			remoteGlobalIDString = 111D9F211C85F17600CF71B4;
			remoteInfo = ELNUtils;
		};
/* End PBXContainerItemProxy section */

/* Begin PBXFileReference section */
		111D9F221C85F17600CF71B4 /* ELNUtils.framework */ = {isa = PBXFileReference; explicitFileType = wrapper.framework; includeInIndex = 0; path = ELNUtils.framework; sourceTree = BUILT_PRODUCTS_DIR; };
		111D9F2F1C85F1C600CF71B4 /* ELNLayoutUtils.h */ = {isa = PBXFileReference; fileEncoding = 4; lastKnownFileType = sourcecode.c.h; path = ELNLayoutUtils.h; sourceTree = "<group>"; };
		111D9F301C85F1C600CF71B4 /* ELNLayoutUtils.m */ = {isa = PBXFileReference; fileEncoding = 4; lastKnownFileType = sourcecode.c.objc; path = ELNLayoutUtils.m; sourceTree = "<group>"; };
		111D9F311C85F1C600CF71B4 /* ELNUtils.h */ = {isa = PBXFileReference; fileEncoding = 4; lastKnownFileType = sourcecode.c.h; path = ELNUtils.h; sourceTree = "<group>"; };
		111D9F321C85F1C600CF71B4 /* Info.plist */ = {isa = PBXFileReference; fileEncoding = 4; lastKnownFileType = text.plist.xml; path = Info.plist; sourceTree = "<group>"; };
		111D9F331C85F1C600CF71B4 /* NSArray+ELNUtils.h */ = {isa = PBXFileReference; fileEncoding = 4; lastKnownFileType = sourcecode.c.h; path = "NSArray+ELNUtils.h"; sourceTree = "<group>"; };
		111D9F341C85F1C600CF71B4 /* NSArray+ELNUtils.m */ = {isa = PBXFileReference; fileEncoding = 4; lastKnownFileType = sourcecode.c.objc; path = "NSArray+ELNUtils.m"; sourceTree = "<group>"; };
		111D9F351C85F1C600CF71B4 /* NSData+ELNUtils.h */ = {isa = PBXFileReference; fileEncoding = 4; lastKnownFileType = sourcecode.c.h; path = "NSData+ELNUtils.h"; sourceTree = "<group>"; };
		111D9F361C85F1C600CF71B4 /* NSData+ELNUtils.m */ = {isa = PBXFileReference; fileEncoding = 4; lastKnownFileType = sourcecode.c.objc; path = "NSData+ELNUtils.m"; sourceTree = "<group>"; };
		111D9F371C85F1C600CF71B4 /* NSError+ELNUtils.h */ = {isa = PBXFileReference; fileEncoding = 4; lastKnownFileType = sourcecode.c.h; path = "NSError+ELNUtils.h"; sourceTree = "<group>"; };
		111D9F381C85F1C600CF71B4 /* NSError+ELNUtils.m */ = {isa = PBXFileReference; fileEncoding = 4; lastKnownFileType = sourcecode.c.objc; path = "NSError+ELNUtils.m"; sourceTree = "<group>"; };
		111D9F391C85F1C600CF71B4 /* NSFileManager+ELNUtils.h */ = {isa = PBXFileReference; fileEncoding = 4; lastKnownFileType = sourcecode.c.h; path = "NSFileManager+ELNUtils.h"; sourceTree = "<group>"; };
		111D9F3A1C85F1C600CF71B4 /* NSFileManager+ELNUtils.m */ = {isa = PBXFileReference; fileEncoding = 4; lastKnownFileType = sourcecode.c.objc; path = "NSFileManager+ELNUtils.m"; sourceTree = "<group>"; };
		111D9F3B1C85F1C600CF71B4 /* NSLocale+ELNUtils.h */ = {isa = PBXFileReference; fileEncoding = 4; lastKnownFileType = sourcecode.c.h; path = "NSLocale+ELNUtils.h"; sourceTree = "<group>"; };
		111D9F3C1C85F1C600CF71B4 /* NSLocale+ELNUtils.m */ = {isa = PBXFileReference; fileEncoding = 4; lastKnownFileType = sourcecode.c.objc; path = "NSLocale+ELNUtils.m"; sourceTree = "<group>"; };
		111D9F3D1C85F1C600CF71B4 /* NSNumber+ELNUtils.h */ = {isa = PBXFileReference; fileEncoding = 4; lastKnownFileType = sourcecode.c.h; path = "NSNumber+ELNUtils.h"; sourceTree = "<group>"; };
		111D9F3E1C85F1C600CF71B4 /* NSNumber+ELNUtils.m */ = {isa = PBXFileReference; fileEncoding = 4; lastKnownFileType = sourcecode.c.objc; path = "NSNumber+ELNUtils.m"; sourceTree = "<group>"; };
		111D9F3F1C85F1C600CF71B4 /* NSSortDescriptor+ELNUtils.h */ = {isa = PBXFileReference; fileEncoding = 4; lastKnownFileType = sourcecode.c.h; path = "NSSortDescriptor+ELNUtils.h"; sourceTree = "<group>"; };
		111D9F401C85F1C600CF71B4 /* NSSortDescriptor+ELNUtils.m */ = {isa = PBXFileReference; fileEncoding = 4; lastKnownFileType = sourcecode.c.objc; path = "NSSortDescriptor+ELNUtils.m"; sourceTree = "<group>"; };
		111D9F411C85F1C600CF71B4 /* NSString+ELNUtils.h */ = {isa = PBXFileReference; fileEncoding = 4; lastKnownFileType = sourcecode.c.h; path = "NSString+ELNUtils.h"; sourceTree = "<group>"; };
		111D9F421C85F1C600CF71B4 /* NSString+ELNUtils.m */ = {isa = PBXFileReference; fileEncoding = 4; lastKnownFileType = sourcecode.c.objc; path = "NSString+ELNUtils.m"; sourceTree = "<group>"; };
		111D9F431C85F1C600CF71B4 /* NSURLRequest+ELNUtils.h */ = {isa = PBXFileReference; fileEncoding = 4; lastKnownFileType = sourcecode.c.h; path = "NSURLRequest+ELNUtils.h"; sourceTree = "<group>"; };
		111D9F441C85F1C600CF71B4 /* NSURLRequest+ELNUtils.m */ = {isa = PBXFileReference; fileEncoding = 4; lastKnownFileType = sourcecode.c.objc; path = "NSURLRequest+ELNUtils.m"; sourceTree = "<group>"; };
		111D9F451C85F1C600CF71B4 /* UICollectionView+ELNUtils.h */ = {isa = PBXFileReference; fileEncoding = 4; lastKnownFileType = sourcecode.c.h; path = "UICollectionView+ELNUtils.h"; sourceTree = "<group>"; };
		111D9F461C85F1C600CF71B4 /* UICollectionView+ELNUtils.m */ = {isa = PBXFileReference; fileEncoding = 4; lastKnownFileType = sourcecode.c.objc; path = "UICollectionView+ELNUtils.m"; sourceTree = "<group>"; };
		111D9F471C85F1C600CF71B4 /* UIColor+ELNUtils.h */ = {isa = PBXFileReference; fileEncoding = 4; lastKnownFileType = sourcecode.c.h; path = "UIColor+ELNUtils.h"; sourceTree = "<group>"; };
		111D9F481C85F1C600CF71B4 /* UIColor+ELNUtils.m */ = {isa = PBXFileReference; fileEncoding = 4; lastKnownFileType = sourcecode.c.objc; path = "UIColor+ELNUtils.m"; sourceTree = "<group>"; };
		111D9F491C85F1C600CF71B4 /* UIFont+ELNUtils.h */ = {isa = PBXFileReference; fileEncoding = 4; lastKnownFileType = sourcecode.c.h; path = "UIFont+ELNUtils.h"; sourceTree = "<group>"; };
		111D9F4A1C85F1C600CF71B4 /* UIFont+ELNUtils.m */ = {isa = PBXFileReference; fileEncoding = 4; lastKnownFileType = sourcecode.c.objc; path = "UIFont+ELNUtils.m"; sourceTree = "<group>"; };
		111D9F4B1C85F1C600CF71B4 /* UIImage+ELNUtils.h */ = {isa = PBXFileReference; fileEncoding = 4; lastKnownFileType = sourcecode.c.h; path = "UIImage+ELNUtils.h"; sourceTree = "<group>"; };
		111D9F4C1C85F1C600CF71B4 /* UIImage+ELNUtils.m */ = {isa = PBXFileReference; fileEncoding = 4; lastKnownFileType = sourcecode.c.objc; path = "UIImage+ELNUtils.m"; sourceTree = "<group>"; };
		111D9F4D1C85F1C600CF71B4 /* UILabel+ELNUtils.h */ = {isa = PBXFileReference; fileEncoding = 4; lastKnownFileType = sourcecode.c.h; path = "UILabel+ELNUtils.h"; sourceTree = "<group>"; };
		111D9F4E1C85F1C600CF71B4 /* UILabel+ELNUtils.m */ = {isa = PBXFileReference; fileEncoding = 4; lastKnownFileType = sourcecode.c.objc; path = "UILabel+ELNUtils.m"; sourceTree = "<group>"; };
		111D9F4F1C85F1C600CF71B4 /* UIResponder+ELNUtils.h */ = {isa = PBXFileReference; fileEncoding = 4; lastKnownFileType = sourcecode.c.h; path = "UIResponder+ELNUtils.h"; sourceTree = "<group>"; };
		111D9F501C85F1C600CF71B4 /* UIResponder+ELNUtils.m */ = {isa = PBXFileReference; fileEncoding = 4; lastKnownFileType = sourcecode.c.objc; path = "UIResponder+ELNUtils.m"; sourceTree = "<group>"; };
		111D9F511C85F1C600CF71B4 /* UITableView+ELNUtils.h */ = {isa = PBXFileReference; fileEncoding = 4; lastKnownFileType = sourcecode.c.h; path = "UITableView+ELNUtils.h"; sourceTree = "<group>"; };
		111D9F521C85F1C600CF71B4 /* UITableView+ELNUtils.m */ = {isa = PBXFileReference; fileEncoding = 4; lastKnownFileType = sourcecode.c.objc; path = "UITableView+ELNUtils.m"; sourceTree = "<group>"; };
		111D9F531C85F1C600CF71B4 /* UITableViewCell+ELNUtils.h */ = {isa = PBXFileReference; fileEncoding = 4; lastKnownFileType = sourcecode.c.h; path = "UITableViewCell+ELNUtils.h"; sourceTree = "<group>"; };
		111D9F541C85F1C600CF71B4 /* UITableViewCell+ELNUtils.m */ = {isa = PBXFileReference; fileEncoding = 4; lastKnownFileType = sourcecode.c.objc; path = "UITableViewCell+ELNUtils.m"; sourceTree = "<group>"; };
		111D9F551C85F1C600CF71B4 /* UIView+ELNUtils.h */ = {isa = PBXFileReference; fileEncoding = 4; lastKnownFileType = sourcecode.c.h; path = "UIView+ELNUtils.h"; sourceTree = "<group>"; };
		111D9F561C85F1C600CF71B4 /* UIView+ELNUtils.m */ = {isa = PBXFileReference; fileEncoding = 4; lastKnownFileType = sourcecode.c.objc; path = "UIView+ELNUtils.m"; sourceTree = "<group>"; };
		111D9F571C85F1C600CF71B4 /* UIViewController+ELNUtils.h */ = {isa = PBXFileReference; fileEncoding = 4; lastKnownFileType = sourcecode.c.h; path = "UIViewController+ELNUtils.h"; sourceTree = "<group>"; };
		111D9F581C85F1C600CF71B4 /* UIViewController+ELNUtils.m */ = {isa = PBXFileReference; fileEncoding = 4; lastKnownFileType = sourcecode.c.objc; path = "UIViewController+ELNUtils.m"; sourceTree = "<group>"; };
		111D9F591C85F1C600CF71B4 /* UIWindow+ELNUtils.h */ = {isa = PBXFileReference; fileEncoding = 4; lastKnownFileType = sourcecode.c.h; path = "UIWindow+ELNUtils.h"; sourceTree = "<group>"; };
		111D9F5A1C85F1C600CF71B4 /* UIWindow+ELNUtils.m */ = {isa = PBXFileReference; fileEncoding = 4; lastKnownFileType = sourcecode.c.objc; path = "UIWindow+ELNUtils.m"; sourceTree = "<group>"; };
		111D9F8F1C85F46700CF71B4 /* UnitTest.xctest */ = {isa = PBXFileReference; explicitFileType = wrapper.cfbundle; includeInIndex = 0; path = UnitTest.xctest; sourceTree = BUILT_PRODUCTS_DIR; };
		111D9F9B1C85F47500CF71B4 /* Info.plist */ = {isa = PBXFileReference; fileEncoding = 4; lastKnownFileType = text.plist.xml; path = Info.plist; sourceTree = "<group>"; };
		111D9F9C1C85F47500CF71B4 /* UnitTest.m */ = {isa = PBXFileReference; fileEncoding = 4; lastKnownFileType = sourcecode.c.objc; path = UnitTest.m; sourceTree = "<group>"; };
		111D9F9F1C85F52200CF71B4 /* Default.xcconfig */ = {isa = PBXFileReference; fileEncoding = 4; lastKnownFileType = text.xcconfig; path = Default.xcconfig; sourceTree = "<group>"; };
		111D9FA11C85FAA700CF71B4 /* ELNRuntime.h */ = {isa = PBXFileReference; fileEncoding = 4; lastKnownFileType = sourcecode.c.h; path = ELNRuntime.h; sourceTree = "<group>"; };
/* End PBXFileReference section */

/* Begin PBXFrameworksBuildPhase section */
		111D9F1E1C85F17600CF71B4 /* Frameworks */ = {
			isa = PBXFrameworksBuildPhase;
			buildActionMask = 2147483647;
			files = (
			);
			runOnlyForDeploymentPostprocessing = 0;
		};
		111D9F8C1C85F46700CF71B4 /* Frameworks */ = {
			isa = PBXFrameworksBuildPhase;
			buildActionMask = 2147483647;
			files = (
				111D9F941C85F46700CF71B4 /* ELNUtils.framework in Frameworks */,
			);
			runOnlyForDeploymentPostprocessing = 0;
		};
/* End PBXFrameworksBuildPhase section */

/* Begin PBXGroup section */
		111D9F181C85F17600CF71B4 = {
			isa = PBXGroup;
			children = (
				111D9F231C85F17600CF71B4 /* Products */,
				111D9F2D1C85F1C600CF71B4 /* Source */,
				111D9F9A1C85F47500CF71B4 /* Tests */,
			);
			sourceTree = "<group>";
		};
		111D9F231C85F17600CF71B4 /* Products */ = {
			isa = PBXGroup;
			children = (
				111D9F221C85F17600CF71B4 /* ELNUtils.framework */,
				111D9F8F1C85F46700CF71B4 /* UnitTest.xctest */,
			);
			name = Products;
			sourceTree = "<group>";
		};
		111D9F2D1C85F1C600CF71B4 /* Source */ = {
			isa = PBXGroup;
			children = (
				111D9F891C85F1DD00CF71B4 /* Foundation */,
				111D9F881C85F1CE00CF71B4 /* Supporting Files */,
				111D9F8A1C85F1F600CF71B4 /* UIKit */,
			);
			path = Source;
			sourceTree = "<group>";
		};
		111D9F881C85F1CE00CF71B4 /* Supporting Files */ = {
			isa = PBXGroup;
			children = (
				111D9F9F1C85F52200CF71B4 /* Default.xcconfig */,
				111D9F311C85F1C600CF71B4 /* ELNUtils.h */,
				111D9F321C85F1C600CF71B4 /* Info.plist */,
			);
			name = "Supporting Files";
			sourceTree = "<group>";
		};
		111D9F891C85F1DD00CF71B4 /* Foundation */ = {
			isa = PBXGroup;
			children = (
				111D9FA11C85FAA700CF71B4 /* ELNRuntime.h */,
				111D9F331C85F1C600CF71B4 /* NSArray+ELNUtils.h */,
				111D9F341C85F1C600CF71B4 /* NSArray+ELNUtils.m */,
				111D9F351C85F1C600CF71B4 /* NSData+ELNUtils.h */,
				111D9F361C85F1C600CF71B4 /* NSData+ELNUtils.m */,
				111D9F371C85F1C600CF71B4 /* NSError+ELNUtils.h */,
				111D9F381C85F1C600CF71B4 /* NSError+ELNUtils.m */,
				111D9F391C85F1C600CF71B4 /* NSFileManager+ELNUtils.h */,
				111D9F3A1C85F1C600CF71B4 /* NSFileManager+ELNUtils.m */,
				111D9F3B1C85F1C600CF71B4 /* NSLocale+ELNUtils.h */,
				111D9F3C1C85F1C600CF71B4 /* NSLocale+ELNUtils.m */,
				111D9F3D1C85F1C600CF71B4 /* NSNumber+ELNUtils.h */,
				111D9F3E1C85F1C600CF71B4 /* NSNumber+ELNUtils.m */,
				111D9F3F1C85F1C600CF71B4 /* NSSortDescriptor+ELNUtils.h */,
				111D9F401C85F1C600CF71B4 /* NSSortDescriptor+ELNUtils.m */,
				111D9F411C85F1C600CF71B4 /* NSString+ELNUtils.h */,
				111D9F421C85F1C600CF71B4 /* NSString+ELNUtils.m */,
				111D9F431C85F1C600CF71B4 /* NSURLRequest+ELNUtils.h */,
				111D9F441C85F1C600CF71B4 /* NSURLRequest+ELNUtils.m */,
			);
			name = Foundation;
			sourceTree = "<group>";
		};
		111D9F8A1C85F1F600CF71B4 /* UIKit */ = {
			isa = PBXGroup;
			children = (
				111D9F2F1C85F1C600CF71B4 /* ELNLayoutUtils.h */,
				111D9F301C85F1C600CF71B4 /* ELNLayoutUtils.m */,
				111D9F451C85F1C600CF71B4 /* UICollectionView+ELNUtils.h */,
				111D9F461C85F1C600CF71B4 /* UICollectionView+ELNUtils.m */,
				111D9F471C85F1C600CF71B4 /* UIColor+ELNUtils.h */,
				111D9F481C85F1C600CF71B4 /* UIColor+ELNUtils.m */,
				111D9F491C85F1C600CF71B4 /* UIFont+ELNUtils.h */,
				111D9F4A1C85F1C600CF71B4 /* UIFont+ELNUtils.m */,
				111D9F4B1C85F1C600CF71B4 /* UIImage+ELNUtils.h */,
				111D9F4C1C85F1C600CF71B4 /* UIImage+ELNUtils.m */,
				111D9F4D1C85F1C600CF71B4 /* UILabel+ELNUtils.h */,
				111D9F4E1C85F1C600CF71B4 /* UILabel+ELNUtils.m */,
				111D9F4F1C85F1C600CF71B4 /* UIResponder+ELNUtils.h */,
				111D9F501C85F1C600CF71B4 /* UIResponder+ELNUtils.m */,
				111D9F511C85F1C600CF71B4 /* UITableView+ELNUtils.h */,
				111D9F521C85F1C600CF71B4 /* UITableView+ELNUtils.m */,
				111D9F531C85F1C600CF71B4 /* UITableViewCell+ELNUtils.h */,
				111D9F541C85F1C600CF71B4 /* UITableViewCell+ELNUtils.m */,
				111D9F551C85F1C600CF71B4 /* UIView+ELNUtils.h */,
				111D9F561C85F1C600CF71B4 /* UIView+ELNUtils.m */,
				111D9F571C85F1C600CF71B4 /* UIViewController+ELNUtils.h */,
				111D9F581C85F1C600CF71B4 /* UIViewController+ELNUtils.m */,
				111D9F591C85F1C600CF71B4 /* UIWindow+ELNUtils.h */,
				111D9F5A1C85F1C600CF71B4 /* UIWindow+ELNUtils.m */,
			);
			name = UIKit;
			sourceTree = "<group>";
		};
		111D9F9A1C85F47500CF71B4 /* Tests */ = {
			isa = PBXGroup;
			children = (
				111D9F9B1C85F47500CF71B4 /* Info.plist */,
				111D9F9C1C85F47500CF71B4 /* UnitTest.m */,
			);
			path = Tests;
			sourceTree = "<group>";
		};
/* End PBXGroup section */

/* Begin PBXHeadersBuildPhase section */
		111D9F1F1C85F17600CF71B4 /* Headers */ = {
			isa = PBXHeadersBuildPhase;
			buildActionMask = 2147483647;
			files = (
				111D9F5E1C85F1C600CF71B4 /* ELNUtils.h in Headers */,
				111D9F701C85F1C600CF71B4 /* NSURLRequest+ELNUtils.h in Headers */,
				111D9F5C1C85F1C600CF71B4 /* ELNLayoutUtils.h in Headers */,
				111D9F7C1C85F1C600CF71B4 /* UIResponder+ELNUtils.h in Headers */,
				111D9F801C85F1C600CF71B4 /* UITableViewCell+ELNUtils.h in Headers */,
				111D9F6E1C85F1C600CF71B4 /* NSString+ELNUtils.h in Headers */,
				111D9F781C85F1C600CF71B4 /* UIImage+ELNUtils.h in Headers */,
				111D9F6C1C85F1C600CF71B4 /* NSSortDescriptor+ELNUtils.h in Headers */,
				111D9F601C85F1C600CF71B4 /* NSArray+ELNUtils.h in Headers */,
				111D9F7E1C85F1C600CF71B4 /* UITableView+ELNUtils.h in Headers */,
				111D9F641C85F1C600CF71B4 /* NSError+ELNUtils.h in Headers */,
				111D9F741C85F1C600CF71B4 /* UIColor+ELNUtils.h in Headers */,
				111D9F841C85F1C600CF71B4 /* UIViewController+ELNUtils.h in Headers */,
				111D9F721C85F1C600CF71B4 /* UICollectionView+ELNUtils.h in Headers */,
				111D9F681C85F1C600CF71B4 /* NSLocale+ELNUtils.h in Headers */,
				111D9F621C85F1C600CF71B4 /* NSData+ELNUtils.h in Headers */,
				111D9F821C85F1C600CF71B4 /* UIView+ELNUtils.h in Headers */,
				111D9F7A1C85F1C600CF71B4 /* UILabel+ELNUtils.h in Headers */,
				111D9FA21C85FAA700CF71B4 /* ELNRuntime.h in Headers */,
				111D9F761C85F1C600CF71B4 /* UIFont+ELNUtils.h in Headers */,
				111D9F861C85F1C600CF71B4 /* UIWindow+ELNUtils.h in Headers */,
				111D9F661C85F1C600CF71B4 /* NSFileManager+ELNUtils.h in Headers */,
				111D9F6A1C85F1C600CF71B4 /* NSNumber+ELNUtils.h in Headers */,
			);
			runOnlyForDeploymentPostprocessing = 0;
		};
/* End PBXHeadersBuildPhase section */

/* Begin PBXNativeTarget section */
		111D9F211C85F17600CF71B4 /* ELNUtils */ = {
			isa = PBXNativeTarget;
			buildConfigurationList = 111D9F2A1C85F17600CF71B4 /* Build configuration list for PBXNativeTarget "ELNUtils" */;
			buildPhases = (
				111D9F1D1C85F17600CF71B4 /* Sources */,
				111D9F1E1C85F17600CF71B4 /* Frameworks */,
				111D9F1F1C85F17600CF71B4 /* Headers */,
				111D9F201C85F17600CF71B4 /* Resources */,
			);
			buildRules = (
			);
			dependencies = (
			);
			name = ELNUtils;
			productName = ELNUtils;
			productReference = 111D9F221C85F17600CF71B4 /* ELNUtils.framework */;
			productType = "com.apple.product-type.framework";
		};
		111D9F8E1C85F46700CF71B4 /* UnitTest */ = {
			isa = PBXNativeTarget;
			buildConfigurationList = 111D9F971C85F46700CF71B4 /* Build configuration list for PBXNativeTarget "UnitTest" */;
			buildPhases = (
				111D9F8B1C85F46700CF71B4 /* Sources */,
				111D9F8C1C85F46700CF71B4 /* Frameworks */,
				111D9F8D1C85F46700CF71B4 /* Resources */,
			);
			buildRules = (
			);
			dependencies = (
				111D9F961C85F46700CF71B4 /* PBXTargetDependency */,
			);
			name = UnitTest;
			productName = UnitTest;
			productReference = 111D9F8F1C85F46700CF71B4 /* UnitTest.xctest */;
			productType = "com.apple.product-type.bundle.unit-test";
		};
/* End PBXNativeTarget section */

/* Begin PBXProject section */
		111D9F191C85F17600CF71B4 /* Project object */ = {
			isa = PBXProject;
			attributes = {
				LastUpgradeCheck = 0730;
				ORGANIZATIONNAME = "e-legion";
				TargetAttributes = {
					111D9F211C85F17600CF71B4 = {
						CreatedOnToolsVersion = 7.3;
					};
					111D9F8E1C85F46700CF71B4 = {
						CreatedOnToolsVersion = 7.3;
					};
				};
			};
			buildConfigurationList = 111D9F1C1C85F17600CF71B4 /* Build configuration list for PBXProject "ELNUtils" */;
			compatibilityVersion = "Xcode 3.2";
			developmentRegion = English;
			hasScannedForEncodings = 0;
			knownRegions = (
				en,
			);
			mainGroup = 111D9F181C85F17600CF71B4;
			productRefGroup = 111D9F231C85F17600CF71B4 /* Products */;
			projectDirPath = "";
			projectRoot = "";
			targets = (
				111D9F211C85F17600CF71B4 /* ELNUtils */,
				111D9F8E1C85F46700CF71B4 /* UnitTest */,
			);
		};
/* End PBXProject section */

/* Begin PBXResourcesBuildPhase section */
		111D9F201C85F17600CF71B4 /* Resources */ = {
			isa = PBXResourcesBuildPhase;
			buildActionMask = 2147483647;
			files = (
				111D9FA01C85F52200CF71B4 /* Default.xcconfig in Resources */,
			);
			runOnlyForDeploymentPostprocessing = 0;
		};
		111D9F8D1C85F46700CF71B4 /* Resources */ = {
			isa = PBXResourcesBuildPhase;
			buildActionMask = 2147483647;
			files = (
			);
			runOnlyForDeploymentPostprocessing = 0;
		};
/* End PBXResourcesBuildPhase section */

/* Begin PBXSourcesBuildPhase section */
		111D9F1D1C85F17600CF71B4 /* Sources */ = {
			isa = PBXSourcesBuildPhase;
			buildActionMask = 2147483647;
			files = (
				111D9F6B1C85F1C600CF71B4 /* NSNumber+ELNUtils.m in Sources */,
				111D9F6D1C85F1C600CF71B4 /* NSSortDescriptor+ELNUtils.m in Sources */,
				111D9F691C85F1C600CF71B4 /* NSLocale+ELNUtils.m in Sources */,
				111D9F6F1C85F1C600CF71B4 /* NSString+ELNUtils.m in Sources */,
				111D9F831C85F1C600CF71B4 /* UIView+ELNUtils.m in Sources */,
				111D9F631C85F1C600CF71B4 /* NSData+ELNUtils.m in Sources */,
				111D9F7B1C85F1C600CF71B4 /* UILabel+ELNUtils.m in Sources */,
				111D9F791C85F1C600CF71B4 /* UIImage+ELNUtils.m in Sources */,
				111D9F811C85F1C600CF71B4 /* UITableViewCell+ELNUtils.m in Sources */,
				111D9F611C85F1C600CF71B4 /* NSArray+ELNUtils.m in Sources */,
				111D9F711C85F1C600CF71B4 /* NSURLRequest+ELNUtils.m in Sources */,
				111D9F7F1C85F1C600CF71B4 /* UITableView+ELNUtils.m in Sources */,
				111D9F5D1C85F1C600CF71B4 /* ELNLayoutUtils.m in Sources */,
				111D9F671C85F1C600CF71B4 /* NSFileManager+ELNUtils.m in Sources */,
				111D9F751C85F1C600CF71B4 /* UIColor+ELNUtils.m in Sources */,
				111D9F7D1C85F1C600CF71B4 /* UIResponder+ELNUtils.m in Sources */,
				111D9F651C85F1C600CF71B4 /* NSError+ELNUtils.m in Sources */,
				111D9F731C85F1C600CF71B4 /* UICollectionView+ELNUtils.m in Sources */,
				111D9F871C85F1C600CF71B4 /* UIWindow+ELNUtils.m in Sources */,
				111D9F851C85F1C600CF71B4 /* UIViewController+ELNUtils.m in Sources */,
				111D9F771C85F1C600CF71B4 /* UIFont+ELNUtils.m in Sources */,
			);
			runOnlyForDeploymentPostprocessing = 0;
		};
		111D9F8B1C85F46700CF71B4 /* Sources */ = {
			isa = PBXSourcesBuildPhase;
			buildActionMask = 2147483647;
			files = (
				111D9F9E1C85F47500CF71B4 /* UnitTest.m in Sources */,
			);
			runOnlyForDeploymentPostprocessing = 0;
		};
/* End PBXSourcesBuildPhase section */

/* Begin PBXTargetDependency section */
		111D9F961C85F46700CF71B4 /* PBXTargetDependency */ = {
			isa = PBXTargetDependency;
			target = 111D9F211C85F17600CF71B4 /* ELNUtils */;
			targetProxy = 111D9F951C85F46700CF71B4 /* PBXContainerItemProxy */;
		};
/* End PBXTargetDependency section */

/* Begin XCBuildConfiguration section */
		111D9F281C85F17600CF71B4 /* Debug */ = {
			isa = XCBuildConfiguration;
			baseConfigurationReference = 111D9F9F1C85F52200CF71B4 /* Default.xcconfig */;
			buildSettings = {
				ALWAYS_SEARCH_USER_PATHS = NO;
				CLANG_ANALYZER_NONNULL = YES;
				CLANG_CXX_LANGUAGE_STANDARD = "gnu++0x";
				CLANG_CXX_LIBRARY = "libc++";
				CLANG_ENABLE_MODULES = YES;
				CLANG_ENABLE_OBJC_ARC = YES;
				CLANG_WARN_BOOL_CONVERSION = YES;
				CLANG_WARN_CONSTANT_CONVERSION = YES;
				CLANG_WARN_DIRECT_OBJC_ISA_USAGE = YES_ERROR;
				CLANG_WARN_EMPTY_BODY = YES;
				CLANG_WARN_ENUM_CONVERSION = YES;
				CLANG_WARN_INT_CONVERSION = YES;
				CLANG_WARN_OBJC_ROOT_CLASS = YES_ERROR;
				CLANG_WARN_UNREACHABLE_CODE = YES;
				CLANG_WARN__DUPLICATE_METHOD_MATCH = YES;
				"CODE_SIGN_IDENTITY[sdk=iphoneos*]" = "iPhone Developer";
				COPY_PHASE_STRIP = NO;
				CURRENT_PROJECT_VERSION = 1;
				DEBUG_INFORMATION_FORMAT = dwarf;
				ENABLE_STRICT_OBJC_MSGSEND = YES;
				ENABLE_TESTABILITY = YES;
				GCC_C_LANGUAGE_STANDARD = gnu99;
				GCC_DYNAMIC_NO_PIC = NO;
				GCC_NO_COMMON_BLOCKS = YES;
				GCC_OPTIMIZATION_LEVEL = 0;
				GCC_PREPROCESSOR_DEFINITIONS = (
					"DEBUG=1",
					"$(inherited)",
				);
				GCC_WARN_64_TO_32_BIT_CONVERSION = YES;
				GCC_WARN_ABOUT_RETURN_TYPE = YES_ERROR;
				GCC_WARN_UNDECLARED_SELECTOR = YES;
				GCC_WARN_UNINITIALIZED_AUTOS = YES_AGGRESSIVE;
				GCC_WARN_UNUSED_FUNCTION = YES;
				GCC_WARN_UNUSED_VARIABLE = YES;
				IPHONEOS_DEPLOYMENT_TARGET = 8.0;
				MTL_ENABLE_DEBUG_INFO = YES;
				ONLY_ACTIVE_ARCH = YES;
				SDKROOT = iphoneos;
				TARGETED_DEVICE_FAMILY = "1,2";
				VERSIONING_SYSTEM = "apple-generic";
				VERSION_INFO_PREFIX = "";
			};
			name = Debug;
		};
		111D9F291C85F17600CF71B4 /* Release */ = {
			isa = XCBuildConfiguration;
			baseConfigurationReference = 111D9F9F1C85F52200CF71B4 /* Default.xcconfig */;
			buildSettings = {
				ALWAYS_SEARCH_USER_PATHS = NO;
				CLANG_ANALYZER_NONNULL = YES;
				CLANG_CXX_LANGUAGE_STANDARD = "gnu++0x";
				CLANG_CXX_LIBRARY = "libc++";
				CLANG_ENABLE_MODULES = YES;
				CLANG_ENABLE_OBJC_ARC = YES;
				CLANG_WARN_BOOL_CONVERSION = YES;
				CLANG_WARN_CONSTANT_CONVERSION = YES;
				CLANG_WARN_DIRECT_OBJC_ISA_USAGE = YES_ERROR;
				CLANG_WARN_EMPTY_BODY = YES;
				CLANG_WARN_ENUM_CONVERSION = YES;
				CLANG_WARN_INT_CONVERSION = YES;
				CLANG_WARN_OBJC_ROOT_CLASS = YES_ERROR;
				CLANG_WARN_UNREACHABLE_CODE = YES;
				CLANG_WARN__DUPLICATE_METHOD_MATCH = YES;
				"CODE_SIGN_IDENTITY[sdk=iphoneos*]" = "iPhone Developer";
				COPY_PHASE_STRIP = NO;
				CURRENT_PROJECT_VERSION = 1;
				DEBUG_INFORMATION_FORMAT = "dwarf-with-dsym";
				ENABLE_NS_ASSERTIONS = NO;
				ENABLE_STRICT_OBJC_MSGSEND = YES;
				GCC_C_LANGUAGE_STANDARD = gnu99;
				GCC_NO_COMMON_BLOCKS = YES;
				GCC_WARN_64_TO_32_BIT_CONVERSION = YES;
				GCC_WARN_ABOUT_RETURN_TYPE = YES_ERROR;
				GCC_WARN_UNDECLARED_SELECTOR = YES;
				GCC_WARN_UNINITIALIZED_AUTOS = YES_AGGRESSIVE;
				GCC_WARN_UNUSED_FUNCTION = YES;
				GCC_WARN_UNUSED_VARIABLE = YES;
				IPHONEOS_DEPLOYMENT_TARGET = 8.0;
				MTL_ENABLE_DEBUG_INFO = NO;
				SDKROOT = iphoneos;
				TARGETED_DEVICE_FAMILY = "1,2";
				VALIDATE_PRODUCT = YES;
				VERSIONING_SYSTEM = "apple-generic";
				VERSION_INFO_PREFIX = "";
			};
			name = Release;
		};
		111D9F2B1C85F17600CF71B4 /* Debug */ = {
			isa = XCBuildConfiguration;
			buildSettings = {
				DEFINES_MODULE = YES;
				DYLIB_COMPATIBILITY_VERSION = 1;
				DYLIB_CURRENT_VERSION = 1;
				DYLIB_INSTALL_NAME_BASE = "@rpath";
				INFOPLIST_FILE = Source/Info.plist;
				INSTALL_PATH = "$(LOCAL_LIBRARY_DIR)/Frameworks";
				LD_RUNPATH_SEARCH_PATHS = "$(inherited) @executable_path/Frameworks @loader_path/Frameworks";
				PRODUCT_BUNDLE_IDENTIFIER = "com.e-legion.ELNUtils";
				PRODUCT_NAME = "$(TARGET_NAME)";
				SKIP_INSTALL = YES;
			};
			name = Debug;
		};
		111D9F2C1C85F17600CF71B4 /* Release */ = {
			isa = XCBuildConfiguration;
			buildSettings = {
				DEFINES_MODULE = YES;
				DYLIB_COMPATIBILITY_VERSION = 1;
				DYLIB_CURRENT_VERSION = 1;
				DYLIB_INSTALL_NAME_BASE = "@rpath";
				INFOPLIST_FILE = Source/Info.plist;
				INSTALL_PATH = "$(LOCAL_LIBRARY_DIR)/Frameworks";
				LD_RUNPATH_SEARCH_PATHS = "$(inherited) @executable_path/Frameworks @loader_path/Frameworks";
				PRODUCT_BUNDLE_IDENTIFIER = "com.e-legion.ELNUtils";
				PRODUCT_NAME = "$(TARGET_NAME)";
				SKIP_INSTALL = YES;
			};
			name = Release;
		};
		111D9F981C85F46700CF71B4 /* Debug */ = {
			isa = XCBuildConfiguration;
			buildSettings = {
				INFOPLIST_FILE = UnitTest/Info.plist;
				IPHONEOS_DEPLOYMENT_TARGET = 9.3;
				LD_RUNPATH_SEARCH_PATHS = "$(inherited) @executable_path/Frameworks @loader_path/Frameworks";
				PRODUCT_BUNDLE_IDENTIFIER = "com.e-legion.UnitTest";
				PRODUCT_NAME = "$(TARGET_NAME)";
			};
			name = Debug;
		};
		111D9F991C85F46700CF71B4 /* Release */ = {
			isa = XCBuildConfiguration;
			buildSettings = {
				INFOPLIST_FILE = UnitTest/Info.plist;
				IPHONEOS_DEPLOYMENT_TARGET = 9.3;
				LD_RUNPATH_SEARCH_PATHS = "$(inherited) @executable_path/Frameworks @loader_path/Frameworks";
				PRODUCT_BUNDLE_IDENTIFIER = "com.e-legion.UnitTest";
				PRODUCT_NAME = "$(TARGET_NAME)";
			};
			name = Release;
		};
/* End XCBuildConfiguration section */

/* Begin XCConfigurationList section */
		111D9F1C1C85F17600CF71B4 /* Build configuration list for PBXProject "ELNUtils" */ = {
			isa = XCConfigurationList;
			buildConfigurations = (
				111D9F281C85F17600CF71B4 /* Debug */,
				111D9F291C85F17600CF71B4 /* Release */,
			);
			defaultConfigurationIsVisible = 0;
			defaultConfigurationName = Release;
		};
		111D9F2A1C85F17600CF71B4 /* Build configuration list for PBXNativeTarget "ELNUtils" */ = {
			isa = XCConfigurationList;
			buildConfigurations = (
				111D9F2B1C85F17600CF71B4 /* Debug */,
				111D9F2C1C85F17600CF71B4 /* Release */,
			);
			defaultConfigurationIsVisible = 0;
			defaultConfigurationName = Release;
		};
		111D9F971C85F46700CF71B4 /* Build configuration list for PBXNativeTarget "UnitTest" */ = {
			isa = XCConfigurationList;
			buildConfigurations = (
				111D9F981C85F46700CF71B4 /* Debug */,
				111D9F991C85F46700CF71B4 /* Release */,
			);
			defaultConfigurationIsVisible = 0;
		};
/* End XCConfigurationList section */
	};
	rootObject = 111D9F191C85F17600CF71B4 /* Project object */;
}
